{
  "name": "test_frontend",
  "requires": true,
  "lockfileVersion": 1,
  "dependencies": {
    "phoenix": {
      "version": "1.4.0",
      "resolved": "https://registry.npmjs.org/phoenix/-/phoenix-1.4.0.tgz",
      "integrity": "sha512-+M7erjPRtrHM53Bc9sT/WSyNFOEhsAc48PBsex0R87hu0GhBRMNE2uAb8MT2gKtJmAYxv5Quaozh/PBuhO8tdQ=="
    },
    "pushex": {
      "version": "0.0.10",
      "resolved": "https://registry.npmjs.org/pushex/-/pushex-0.0.10.tgz",
      "integrity": "sha512-/nrWabDDDfQ3+eApsEq7v/4wi9wGYfjFsgbQx/uVO7EvvodXuOgjkEyL9vfnTfDLRDVAv6RanYTE7FMsP0wInA==",
      "requires": {
        "phoenix": "^1.4.3"
      },
      "dependencies": {
        "phoenix": {
          "version": "1.4.3",
          "resolved": "https://registry.npmjs.org/phoenix/-/phoenix-1.4.3.tgz",
          "integrity": "sha512-FU7Ms8SOAGqECRC0RLQMZnLTdrXWureefM0t9K6AqK9jo4hpvUTqjskN/RaGOBXcFGIvgM2F5AFcMop4PPwOSA=="
        }
      }
    }
  }
}
