{
  "name": "test_frontend",
  "requires": true,
  "lockfileVersion": 1,
  "dependencies": {
    "phoenix": {
      "version": "1.3.4",
      "resolved": "https://registry.npmjs.org/phoenix/-/phoenix-1.3.4.tgz",
      "integrity": "sha512-Hn+LgWbBs/jd8VxbfsapoVUO8z8YSf0rHj4GtDm60V6u8kJLMdLAdyGdIvz9EPZvHQ4MMonbsqqjDwlSGoUDtw=="
    },
    "pushex": {
      "version": "0.0.5",
      "resolved": "https://registry.npmjs.org/pushex/-/pushex-0.0.5.tgz",
      "integrity": "sha512-f4ZPjAtNCGwtAEy0GdMwOIQNGad+5SjbfCSsBnCJ2+vs8FtDI7/3//JuGWDB2UXM08ag10cIbI/9ZOSzmdX2Ww==",
      "requires": {
        "phoenix": "^1.4.0"
      },
      "dependencies": {
        "phoenix": {
          "version": "1.4.0",
          "resolved": "https://registry.npmjs.org/phoenix/-/phoenix-1.4.0.tgz",
          "integrity": "sha512-+M7erjPRtrHM53Bc9sT/WSyNFOEhsAc48PBsex0R87hu0GhBRMNE2uAb8MT2gKtJmAYxv5Quaozh/PBuhO8tdQ=="
        }
      }
    }
  }
}
