{
  "name": "test_frontend",
  "lockfileVersion": 2,
  "requires": true,
  "packages": {
    "": {
      "name": "test_frontend",
      "dependencies": {
        "phoenix": "^1.4.0",
        "pushex": "^1.0.0"
      }
    },
    "../../../../pushex.js": {
      "name": "pushex",
      "version": "1.0.0",
      "extraneous": true,
      "license": "MIT",
      "dependencies": {
        "phoenix": "^1.7.12"
      },
      "devDependencies": {
        "@babel/core": "^7.10.5",
        "@babel/preset-env": "^7.10.4",
        "@babel/preset-typescript": "^7.10.4",
        "@types/phoenix": "^1.4.4",
        "babel-core": "^6.26.3",
        "babel-jest": "^26.1.0",
        "babel-loader": "^8.1.0",
        "fork-ts-checker-webpack-plugin": "^5.0.9",
        "jest": "^26.1.0",
        "prettier": "2.1.1",
        "typescript": "^4.4.4",
        "webpack": "^4.24.0",
        "webpack-cli": "^3.1.2"
      }
    },
    "node_modules/phoenix": {
      "version": "1.7.12",
      "resolved": "https://registry.npmjs.org/phoenix/-/phoenix-1.7.12.tgz",
      "integrity": "sha512-jo8sK7mVYTFSa5FITmL/1lAbARIJMcEMJrMPZtUdss1zE37VZBnCowpakH8sEzH0ezs+hIaXSyYPCwlzrvph+g=="
    },
    "node_modules/pushex": {
      "version": "1.0.0",
      "resolved": "https://registry.npmjs.org/pushex/-/pushex-1.0.0.tgz",
      "integrity": "sha512-2OjcRqFZCSA7Na7atcGsXpqS9rChqV8ctV5Rosfcv6Ji2n3tnPSYFH00bUS3Qw4BQcYMJXWQTJIvatWN/hOdWQ==",
      "dependencies": {
        "phoenix": "^1.7.12"
      }
    }
  },
  "dependencies": {
    "phoenix": {
      "version": "1.7.12",
      "resolved": "https://registry.npmjs.org/phoenix/-/phoenix-1.7.12.tgz",
      "integrity": "sha512-jo8sK7mVYTFSa5FITmL/1lAbARIJMcEMJrMPZtUdss1zE37VZBnCowpakH8sEzH0ezs+hIaXSyYPCwlzrvph+g=="
    },
    "pushex": {
      "version": "1.0.0",
      "resolved": "https://registry.npmjs.org/pushex/-/pushex-1.0.0.tgz",
      "integrity": "sha512-2OjcRqFZCSA7Na7atcGsXpqS9rChqV8ctV5Rosfcv6Ji2n3tnPSYFH00bUS3Qw4BQcYMJXWQTJIvatWN/hOdWQ==",
      "requires": {
        "phoenix": "^1.7.12"
      }
    }
  }
}
