{
  "name": "test_frontend",
  "requires": true,
  "lockfileVersion": 1,
  "dependencies": {
    "phoenix": {
      "version": "1.3.4",
      "resolved": "https://registry.npmjs.org/phoenix/-/phoenix-1.3.4.tgz",
      "integrity": "sha512-Hn+LgWbBs/jd8VxbfsapoVUO8z8YSf0rHj4GtDm60V6u8kJLMdLAdyGdIvz9EPZvHQ4MMonbsqqjDwlSGoUDtw=="
    }
  }
}
